
Microsoft Visual Studio Solution File, Format Version 12.00
# Visual Studio Version 17
VisualStudioVersion = 17.9.34902.65
MinimumVisualStudioVersion = 10.0.40219.1
Project("{9A19103F-16F7-4668-BE54-9A1E7A4F7556}") = "JsonDerivedGenerator", "JsonDerivedGenerator\JsonDerivedGenerator.csproj", "{4F60BCDE-6766-41DD-9970-9EB1C79AB504}"
EndProject
Project("{9A19103F-16F7-4668-BE54-9A1E7A4F7556}") = "JsonDerivedGenerator.Playground", "JsonDerivedGenerator.Playground\JsonDerivedGenerator.Playground.csproj", "{B4FA16D2-667D-4D85-A781-47FC123658FA}"
EndProject
Global
	GlobalSection(SolutionConfigurationPlatforms) = preSolution
		Debug|Any CPU = Debug|Any CPU
		Release|Any CPU = Release|Any CPU
	EndGlobalSection
	GlobalSection(ProjectConfigurationPlatforms) = postSolution
		{4F60BCDE-6766-41DD-9970-9EB1C79AB504}.Debug|Any CPU.ActiveCfg = Debug|Any CPU
		{4F60BCDE-6766-41DD-9970-9EB1C79AB504}.Debug|Any CPU.Build.0 = Debug|Any CPU
		{4F60BCDE-6766-41DD-9970-9EB1C79AB504}.Release|Any CPU.ActiveCfg = Release|Any CPU
		{4F60BCDE-6766-41DD-9970-9EB1C79AB504}.Release|Any CPU.Build.0 = Release|Any CPU
		{B4FA16D2-667D-4D85-A781-47FC123658FA}.Debug|Any CPU.ActiveCfg = Debug|Any CPU
		{B4FA16D2-667D-4D85-A781-47FC123658FA}.Debug|Any CPU.Build.0 = Debug|Any CPU
		{B4FA16D2-667D-4D85-A781-47FC123658FA}.Release|Any CPU.ActiveCfg = Release|Any CPU
		{B4FA16D2-667D-4D85-A781-47FC123658FA}.Release|Any CPU.Build.0 = Release|Any CPU
	EndGlobalSection
	GlobalSection(SolutionProperties) = preSolution
		HideSolutionNode = FALSE
	EndGlobalSection
EndGlobal
